
Microsoft Visual Studio Solution File, Format Version 12.00
# Visual Studio 15
VisualStudioVersion = 15.0.27703.2035
MinimumVisualStudioVersion = 10.0.40219.1
Project("{FAE04EC0-301F-11D3-BF4B-00C04F79EFBC}") = "WpfBetweenUs", "WpfBetweenUs\WpfBetweenUs.csproj", "{5FDFF3DE-E197-4A91-B69D-1022FEFAA18C}"
EndProject
Global
	GlobalSection(SolutionConfigurationPlatforms) = preSolution
		Debug|Any CPU = Debug|Any CPU
		Release|Any CPU = Release|Any CPU
	EndGlobalSection
	GlobalSection(ProjectConfigurationPlatforms) = postSolution
		{5FDFF3DE-E197-4A91-B69D-1022FEFAA18C}.Debug|Any CPU.ActiveCfg = Debug|Any CPU
		{5FDFF3DE-E197-4A91-B69D-1022FEFAA18C}.Debug|Any CPU.Build.0 = Debug|Any CPU
		{5FDFF3DE-E197-4A91-B69D-1022FEFAA18C}.Release|Any CPU.ActiveCfg = Release|Any CPU
		{5FDFF3DE-E197-4A91-B69D-1022FEFAA18C}.Release|Any CPU.Build.0 = Release|Any CPU
	EndGlobalSection
	GlobalSection(SolutionProperties) = preSolution
		HideSolutionNode = FALSE
	EndGlobalSection
	GlobalSection(ExtensibilityGlobals) = postSolution
		SolutionGuid = {9F694A49-D423-40C8-9B90-C62C8D3AA87A}
	EndGlobalSection
EndGlobal
